<!DOCTYPE html>

<html lang="pt-BR">
<head>
    <meta charset="UTF-8">
    <meta name="viewport" content="width=device-width, initial-scale=1.0">
    <title>Preços e Planos - Claudinei | AmplaAI</title>
    <meta name="description" content="Conheça os planos do Claudinei e escolha a melhor opção para suas necessidades">
    <meta name="robots" content="index, follow">

```
<!-- Google AdSense -->
<script async src="https://pagead2.googlesyndication.com/pagead/js/adsbygoogle.js?client=ca-pub-XXXXXXXXXXXXXXXXX"
 crossorigin="anonymous"></script>

<style>
    * {
        margin: 0;
        padding: 0;
        box-sizing: border-box;
    }

    body {
        font-family: -apple-system, BlinkMacSystemFont, 'Segoe UI', Roboto, Oxygen, Ubuntu, Cantarell, sans-serif;
        line-height: 1.8;
        color: #2c3e50;
        background: #f8f9fa;
    }

    .navbar {
        position: fixed;
        top: 0;
        width: 100%;
        background: rgba(255, 255, 255, 0.95);
        backdrop-filter: blur(10px);
        box-shadow: 0 2px 20px rgba(0, 0, 0, 0.1);
        z-index: 1000;
        padding: 15px 0;
    }

    .nav-container {
        max-width: 1200px;
        margin: 0 auto;
        padding: 0 20px;
        display: flex;
        justify-content: space-between;
        align-items: center;
    }

    .logo-container {
        display: flex;
        align-items: center;
        gap: 15px;
        text-decoration: none;
    }

    .logo-img {
        height: 50px;
        width: auto;
    }

    .logo-text {
        font-size: 1.8em;
        font-weight: 800;
        background: linear-gradient(135deg, #667eea 0%, #764ba2 100%);
        -webkit-background-clip: text;
        -webkit-text-fill-color: transparent;
        background-clip: text;
    }

    .header {
        background: linear-gradient(135deg, #667eea 0%, #764ba2 100%);
        color: white;
        padding: 120px 20px 60px;
        text-align: center;
    }

    .header h1 {
        font-size: 3em;
        margin-bottom: 20px;
    }

    .header p {
        font-size: 1.3em;
        opacity: 0.95;
        max-width: 700px;
        margin: 0 auto;
    }

    .container {
        max-width: 1200px;
        margin: -40px auto 80px;
        padding: 0 20px;
    }

    .pricing-toggle {
        text-align: center;
        margin-bottom: 50px;
        background: white;
        padding: 30px;
        border-radius: 20px;
        box-shadow: 0 10px 40px rgba(0, 0, 0, 0.1);
    }

    .toggle-container {
        display: inline-flex;
        background: #f0f0f0;
        border-radius: 50px;
        padding: 5px;
        margin-top: 20px;
    }

    .toggle-btn {
        padding: 12px 40px;
        border: none;
        background: transparent;
        border-radius: 50px;
        font-size: 1.1em;
        font-weight: 600;
        cursor: pointer;
        transition: all 0.3s ease;
        color: #555;
    }

    .toggle-btn.active {
        background: linear-gradient(135deg, #667eea 0%, #764ba2 100%);
        color: white;
        box-shadow: 0 5px 15px rgba(102, 126, 234, 0.3);
    }

    .pricing-grid {
        display: grid;
        grid-template-columns: repeat(auto-fit, minmax(320px, 1fr));
        gap: 30px;
        margin-top: 40px;
    }

    .pricing-card {
        background: white;
        border-radius: 20px;
        padding: 40px;
        box-shadow: 0 10px 40px rgba(0, 0, 0, 0.1);
        transition: transform 0.3s ease, box-shadow 0.3s ease;
        position: relative;
    }

    .pricing-card:hover {
        transform: translateY(-10px);
        box-shadow: 0 20px 60px rgba(102, 126, 234, 0.3);
    }

    .pricing-card.featured {
        border: 3px solid #667eea;
        transform: scale(1.05);
    }

    .featured-badge {
        position: absolute;
        top: -15px;
        right: 20px;
        background: linear-gradient(135deg, #667eea 0%, #764ba2 100%);
        color: white;
        padding: 8px 20px;
        border-radius: 20px;
        font-weight: 700;
        font-size: 0.9em;
    }

    .plan-name {
        font-size: 1.8em;
        font-weight: 800;
        color: #2c3e50;
        margin-bottom: 10px;
    }

    .plan-description {
        color: #7f8c8d;
        margin-bottom: 30px;
        min-height: 50px;
    }

    .plan-price {
        margin-bottom: 30px;
    }

    .price-value {
        font-size: 3.5em;
        font-weight: 800;
        color: #2c3e50;
    }

    .price-currency {
        font-size: 1.5em;
        vertical-align: super;
    }

    .price-period {
        color: #7f8c8d;
        font-size: 1.1em;
    }

    .plan-features {
        list-style: none;
        margin: 30px 0;
    }

    .plan-features li {
        padding: 12px 0;
        color: #555;
        border-bottom: 1px solid #f0f0f0;
    }

    .plan-features li:last-child {
        border-bottom: none;
    }

    .plan-features li::before {
        content: "✓";
        color: #667eea;
        font-weight: bold;
        margin-right: 10px;
        font-size: 1.2em;
    }

    .plan-features li.unavailable {
        color: #ccc;
    }

    .plan-features li.unavailable::before {
        content: "✗";
        color: #ccc;
    }

    .plan-button {
        width: 100%;
        padding: 18px;
        border: none;
        border-radius: 50px;
        font-size: 1.1em;
        font-weight: 700;
        cursor: pointer;
        transition: all 0.3s ease;
        text-decoration: none;
        display: block;
        text-align: center;
    }

    .plan-button.primary {
        background: linear-gradient(135deg, #667eea 0%, #764ba2 100%);
        color: white;
    }

    .plan-button.primary:hover {
        transform: translateY(-2px);
        box-shadow: 0 10px 30px rgba(102, 126, 234, 0.4);
    }

    .plan-button.secondary {
        background: transparent;
        color: #667eea;
        border: 2px solid #667eea;
    }

    .plan-button.secondary:hover {
        background: #667eea;
        color: white;
    }

    .comparison-section {
        background: white;
        border-radius: 20px;
        padding: 50px;
        box-shadow: 0 10px 40px rgba(0, 0, 0, 0.1);
        margin-top: 60px;
    }

    .comparison-section h2 {
        font-size: 2.5em;
        color: #2c3e50;
        text-align: center;
        margin-bottom: 40px;
    }

    .comparison-table {
        width: 100%;
        border-collapse: collapse;
    }

    .comparison-table th,
    .comparison-table td {
        padding: 20px;
        text-align: left;
        border-bottom: 1px solid #f0f0f0;
    }

    .comparison-table th {
        background: linear-gradient(135deg, #f5f7fa 0%, #c3cfe2 100%);
        font-weight: 700;
        color: #2c3e50;
    }

    .comparison-table td:first-child {
        font-weight: 600;
        color: #2c3e50;
    }

    .check-icon {
        color: #667eea;
        font-size: 1.5em;
    }

    .faq-section {
        background: white;
        border-radius: 20px;
        padding: 50px;
        box-shadow: 0 10px 40px rgba(0, 0, 0, 0.1);
        margin-top: 60px;
    }

    .faq-section h2 {
        font-size: 2.5em;
        color: #2c3e50;
        text-align: center;
        margin-bottom: 40px;
    }

    .faq-item {
        margin-bottom: 30px;
        padding-bottom: 30px;
        border-bottom: 1px solid #f0f0f0;
    }

    .faq-item:last-child {
        border-bottom: none;
    }

    .faq-question {
        font-size: 1.3em;
        font-weight: 700;
        color: #2c3e50;
        margin-bottom: 15px;
    }

    .faq-answer {
        color: #555;
        line-height: 1.8;
    }

    @media (max-width: 768px) {
        .pricing-grid {
            grid-template-columns: 1fr;
        }

        .pricing-card.featured {
            transform: scale(1);
        }

        .header h1 {
            font-size: 2em;
        }

        .comparison-section {
            padding: 30px 20px;
            overflow-x: auto;
        }
    }
</style>
```

</head>
<body>
    <!-- Navbar -->
    <nav class="navbar">
        <div class="nav-container">
            <a href="/" class="logo-container">
                <img src="https://i.imgur.com/nRacyKQ.png" alt="Claudinei Logo" class="logo-img">
                <div class="logo-text">Claudinei</div>
            </a>
        </div>
    </nav>

```
<!-- Header -->
<div class="header">
    <h1>Planos e Preços</h1>
    <p>Escolha o plano ideal para suas necessidades e comece hoje mesmo</p>
</div>

<div class="container">
    <!-- Pricing Toggle -->
    <div class="pricing-toggle">
        <h3 style="color: #2c3e50; margin-bottom: 10px;">Selecione o Período</h3>
        <p style="color: #7f8c8d; margin-bottom: 20px;">Economize até 20% com o plano anual</p>
        <div class="toggle-container">
            <button class="toggle-btn active" onclick="showMonthly()">Mensal</button>
            <button class="toggle-btn" onclick="showAnnual()">Anual</button>
        </div>
    </div>

    <!-- Pricing Cards -->
    <div class="pricing-grid" id="monthly-plans">
        <!-- Free Plan -->
        <div class="pricing-card">
            <div class="plan-name">Gratuito</div>
            <div class="plan-description">Perfeito para experimentar o Claudinei</div>
            <div class="plan-price">
                <span class="price-currency">R$</span>
                <span class="price-value">0</span>
                <div class="price-period">/mês</div>
            </div>
            <ul class="plan-features">
                <li>50 mensagens por mês</li>
                <li>Respostas básicas</li>
                <li>Acesso via web</li>
                <li>Suporte por email</li>
                <li class="unavailable">Histórico de conversas</li>
                <li class="unavailable">Prioridade nas respostas</li>
                <li class="unavailable">API de integração</li>
            </ul>
            <a href="/" class="plan-button secondary">Começar Grátis</a>
        </div>

        <!-- Pro Plan -->
        <div class="pricing-card featured">
            <div class="featured-badge">Mais Popular</div>
            <div class="plan-name">Pro</div>
            <div class="plan-description">Para profissionais e uso intenso</div>
            <div class="plan-price">
                <span class="price-currency">R$</span>
                <span class="price-value">49</span>
                <div class="price-period">/mês</div>
            </div>
            <ul class="plan-features">
                <li>Mensagens ilimitadas</li>
                <li>Respostas avançadas</li>
                <li>Acesso via web e mobile</li>
                <li>Suporte prioritário</li>
                <li>Histórico completo</li>
                <li>Análises e insights</li>
                <li>Integrações básicas</li>
            </ul>
            <a href="/" class="plan-button primary">Assinar Pro</a>
        </div>

        <!-- Business Plan -->
        <div class="pricing-card">
            <div class="plan-name">Business</div>
            <div class="plan-description">Para equipes e empresas</div>
            <div class="plan-price">
                <span class="price-currency">R$</span>
                <span class="price-value">199</span>
                <div class="price-period">/mês</div>
            </div>
            <ul class="plan-features">
                <li>Tudo do plano Pro</li>
                <li>Até 10 usuários</li>
                <li>API completa</li>
                <li>Suporte dedicado</li>
                <li>Treinamento personalizado</li>
                <li>Relatórios avançados</li>
                <li>SLA garantido</li>
            </ul>
            <a href="/contato.html" class="plan-button secondary">Falar com Vendas</a>
        </div>
    </div>

    <!-- AdSense Display Ad -->
    <div style="padding: 60px 20px; text-align: center;">
        <ins class="adsbygoogle"
             style="display:block"
             data-ad-client="ca-pub-XXXXXXXXXXXXXXXXX"
             data-ad-slot="XXXXXXXXXX"
             data-ad-format="auto"
             data-full-width-responsive="true"></ins>
        <script>
             (adsbygoogle = window.adsbygoogle || []).push({});
        </script>
    </div>

    <!-- Comparison Table -->
    <div class="comparison-section">
        <h2>Comparação Detalhada</h2>
        <table class="comparison-table">
            <thead>
                <tr>
                    <th>Recursos</th>
                    <th>Gratuito</th>
                    <th>Pro</th>
                    <th>Business</th>
                </tr>
            </thead>
            <tbody>
                <tr>
                    <td>Mensagens por mês</td>
                    <td>50</td>
                    <td>Ilimitadas</td>
                    <td>Ilimitadas</td>
                </tr>
                <tr>
                    <td>Acesso Web</td>
                    <td><span class="check-icon">✓</span></td>
                    <td><span class="check-icon">✓</span></td>
                    <td><span class="check-icon">✓</span></td>
                </tr>
                <tr>
                    <td>Acesso Mobile</td>
                    <td>-</td>
                    <td><span class="check-icon">✓</span></td>
                    <td><span class="check-icon">✓</span></td>
                </tr>
                <tr>
                    <td>Histórico de Conversas</td>
                    <td>7 dias</td>
                    <td>Ilimitado</td>
                    <td>Ilimitado</td>
                </tr>
                <tr>
                    <td>Velocidade de Resposta</td>
                    <td>Normal</td>
                    <td>Prioritária</td>
                    <td>Ultra Rápida</td>
                </tr>
                <tr>
                    <td>Suporte</td>
                    <td>Email (48h)</td>
                    <td>Email (24h)</td>
                    <td>Dedicado (4h)</td>
                </tr>
                <tr>
                    <td>API de Integração</td>
                    <td>-</td>
                    <td>Básica</td>
                    <td>Completa</td>
                </tr>
                <tr>
                    <td>Número de Usuários</td>
                    <td>1</td>
                    <td>1</td>
                    <td>Até 10</td>
                </tr>
                <tr>
                    <td>Análises e Relatórios</td>
                    <td>-</td>
                    <td>Básicos</td>
                    <td>Avançados</td>
                </tr>
                <tr>
                    <td>Treinamento</td>
                    <td>-</td>
                    <td>-</td>
                    <td><span class="check-icon">✓</span></td>
                </tr>
                <tr>
                    <td>SLA</td>
                    <td>-</td>
                    <td>-</td>
                    <td>99.9%</td>
                </tr>
            </tbody>
        </table>
    </div>

    <!-- FAQ Section -->
    <div class="faq-section">
        <h2>Perguntas Frequentes</h2>

        <div class="faq-item">
            <div class="faq-question">Posso trocar de plano a qualquer momento?</div>
            <div class="faq-answer">
                Sim! Você pode fazer upgrade ou downgrade do seu plano a qualquer momento. O valor será ajustado proporcionalmente no próximo ciclo de cobrança.
            </div>
        </div>

        <div class="faq-item">
            <div class="faq-question">Como funciona o período de teste?</div>
            <div class="faq-answer">
                Oferecemos 14 dias de teste gratuito em todos os planos pagos. Você não precisa fornecer cartão de crédito para começar o teste. Se não gostar, simplesmente não renove.
            </div>
        </div>

        <div class="faq-item">
            <div class="faq-question">Quais são as formas de pagamento aceitas?</div>
            <div class="faq-answer">
                Aceitamos cartões de crédito (Visa, Mastercard, American Express), PIX e boleto bancário. Para planos empresariais, também oferecemos faturamento mensal.
            </div>
        </div>

        <div class="faq-item">
            <div class="faq-question">O que acontece se eu exceder o limite de mensagens no plano gratuito?</div>
            <div class="faq-answer">
                Você receberá uma notificação quando estiver próximo do limite. Ao atingir as 50 mensagens, será necessário aguardar a renovação mensal ou fazer upgrade para um plano pago.
            </div>
        </div>

        <div class="faq-item">
            <div class="faq-question">Posso cancelar minha assinatura?</div>
            <div class="faq-answer">
                Sim, você pode cancelar sua assinatura a qualquer momento sem taxas de cancelamento. Você continuará tendo acesso até o final do período já pago.
            </div>
        </div>

        <div class="faq-item">
            <div class="faq-question">Há desconto para pagamento anual?</div>
            <div class="faq-answer">
                Sim! Ao optar pelo pagamento anual, você economiza 20% em relação ao pagamento mensal. É uma ótima forma de reduzir custos se você planeja usar o Claudinei a longo prazo.
            </div>
        </div>

        <div class="faq-item">
            <div class="faq-question">O plano Business suporta mais de 10 usuários?</div>
            <div class="faq-answer">
                Sim! Para equipes maiores, oferecemos planos Enterprise personalizados. Entre em contato com nossa equipe de vendas para discutir suas necessidades específicas.
            </div>
        </div>

        <div class="faq-item">
            <div class="faq-question">Os preços incluem impostos?</div>
            <div class="faq-answer">
                Os preços apresentados são líquidos. Impostos aplicáveis (como ISS) serão adicionados no checkout conforme a legislação local.
            </div>
        </div>
    </div>
</div>

<script>
    function showMonthly() {
        document.querySelectorAll('.toggle-btn')[0].classList.add('active');
        document.querySelectorAll('.toggle-btn')[1].classList.remove('active');
        // Aqui você pode adicionar lógica para alterar os preços
    }

    function showAnnual() {
        document.querySelectorAll('.toggle-btn')[1].classList.add('active');
        document.querySelectorAll('.toggle-btn')[0].classList.remove('active');
        // Aqui você pode adicionar lógica para alterar os preços
        alert('Planos anuais: Economize 20%!\n\nGratuito: R$ 0/ano\nPro: R$ 470/ano (R$ 39/mês)\nBusiness: R$ 1.910/ano (R$ 159/mês)');
    }
</script>
```

</body>
</html>